# THIS IS AN AUTOGENERATED FILE. DO NOT EDIT THIS FILE DIRECTLY.
# yarn lockfile v1


layui@^2.8.0-beta.2:
  version "2.8.0-beta.2"
  resolved "https://registry.npmmirror.com/layui/-/layui-2.8.0-beta.2.tgz#39e411bc87272a1434066eff6d97a4f7b20d794e"
  integrity sha512-UPWWYH7tFNfQOMO/MRjglqsmIOeNoR0vaZkXgBK1VVyOCKrN07MSDaVVp7k/h0wu4r/XKNhyvYGGkfzhsWWHsA==
